<?xml version="1.0" encoding="UTF-8"?>
<!DOCTYPE plist PUBLIC "-//Apple//DTD PLIST 1.0//EN" "http://www.apple.com/DTDs/PropertyList-1.0.dtd">
<plist version="1.0">
<dict>
	<key>archiveVersion</key>
	<string>1</string>
	<key>classes</key>
	<dict/>
	<key>objectVersion</key>
	<string>46</string>
	<key>objects</key>
	<dict>
		<key>11B657AE7FFB454E89CE9461</key>
		<dict>
			<key>buildActionMask</key>
			<string>2147483647</string>
			<key>files</key>
			<array/>
			<key>inputPaths</key>
			<array/>
			<key>isa</key>
			<string>PBXShellScriptBuildPhase</string>
			<key>name</key>
			<string>Check Pods Manifest.lock</string>
			<key>outputPaths</key>
			<array/>
			<key>runOnlyForDeploymentPostprocessing</key>
			<string>0</string>
			<key>shellPath</key>
			<string>/bin/sh</string>
			<key>shellScript</key>
			<string>diff "${PODS_ROOT}/../Podfile.lock" "${PODS_ROOT}/Manifest.lock" &gt; /dev/null
if [[ $? != 0 ]] ; then
    cat &lt;&lt; EOM
error: The sandbox is not in sync with the Podfile.lock. Run 'pod install' or update your CocoaPods installation.
EOM
    exit 1
fi
</string>
			<key>showEnvVarsInLog</key>
			<string>1</string>
		</dict>
		<key>4432CDC31732D03200E4F24F</key>
		<dict>
			<key>children</key>
			<array>
				<string>4432CDD51732D03200E4F24F</string>
				<string>4432CDF91732D03200E4F24F</string>
				<string>4432CDCE1732D03200E4F24F</string>
				<string>4432CDCD1732D03200E4F24F</string>
				<string>B808ADA774FF482A9AA2C362</string>
			</array>
			<key>isa</key>
			<string>PBXGroup</string>
			<key>sourceTree</key>
			<string>&lt;group&gt;</string>
		</dict>
		<key>4432CDC41732D03200E4F24F</key>
		<dict>
			<key>attributes</key>
			<dict>
				<key>CLASSPREFIX</key>
				<string>HCO</string>
				<key>LastUpgradeCheck</key>
				<string>0460</string>
				<key>ORGANIZATIONNAME</key>
				<string>Nicolas Bradier</string>
			</dict>
			<key>buildConfigurationList</key>
			<string>4432CDC71732D03200E4F24F</string>
			<key>compatibilityVersion</key>
			<string>Xcode 3.2</string>
			<key>developmentRegion</key>
			<string>English</string>
			<key>hasScannedForEncodings</key>
			<string>0</string>
			<key>isa</key>
			<string>PBXProject</string>
			<key>knownRegions</key>
			<array>
				<string>en</string>
			</array>
			<key>mainGroup</key>
			<string>4432CDC31732D03200E4F24F</string>
			<key>productRefGroup</key>
			<string>4432CDCD1732D03200E4F24F</string>
			<key>projectDirPath</key>
			<string></string>
			<key>projectReferences</key>
			<array/>
			<key>projectRoot</key>
			<string></string>
			<key>targets</key>
			<array>
				<string>4432CDCB1732D03200E4F24F</string>
				<string>4432CDF11732D03200E4F24F</string>
			</array>
		</dict>
		<key>4432CDC71732D03200E4F24F</key>
		<dict>
			<key>buildConfigurations</key>
			<array>
				<string>4432CE021732D03200E4F24F</string>
				<string>4432CE031732D03200E4F24F</string>
			</array>
			<key>defaultConfigurationIsVisible</key>
			<string>0</string>
			<key>defaultConfigurationName</key>
			<string>Release</string>
			<key>isa</key>
			<string>XCConfigurationList</string>
		</dict>
		<key>4432CDC81732D03200E4F24F</key>
		<dict>
			<key>buildActionMask</key>
			<string>2147483647</string>
			<key>files</key>
			<array>
				<string>4432CDDC1732D03200E4F24F</string>
				<string>4432CE171732D16100E4F24F</string>
				<string>4432CE1A1732D19C00E4F24F</string>
			</array>
			<key>isa</key>
			<string>PBXSourcesBuildPhase</string>
			<key>runOnlyForDeploymentPostprocessing</key>
			<string>0</string>
		</dict>
		<key>4432CDC91732D03200E4F24F</key>
		<dict>
			<key>buildActionMask</key>
			<string>2147483647</string>
			<key>files</key>
			<array>
				<string>4432CDD01732D03200E4F24F</string>
				<string>4432CDD21732D03200E4F24F</string>
				<string>4432CDD41732D03200E4F24F</string>
				<string>7C2B9470021B4B6C99AADDDC</string>
			</array>
			<key>isa</key>
			<string>PBXFrameworksBuildPhase</string>
			<key>runOnlyForDeploymentPostprocessing</key>
			<string>0</string>
		</dict>
		<key>4432CDCA1732D03200E4F24F</key>
		<dict>
			<key>buildActionMask</key>
			<string>2147483647</string>
			<key>files</key>
			<array>
				<string>4432CE101732D12A00E4F24F</string>
				<string>4432CE111732D12A00E4F24F</string>
				<string>4432CE121732D12A00E4F24F</string>
				<string>4432CE211732D21300E4F24F</string>
				<string>4432CE221732D21300E4F24F</string>
				<string>4432CE231732D21300E4F24F</string>
			</array>
			<key>isa</key>
			<string>PBXResourcesBuildPhase</string>
			<key>runOnlyForDeploymentPostprocessing</key>
			<string>0</string>
		</dict>
		<key>4432CDCB1732D03200E4F24F</key>
		<dict>
			<key>buildConfigurationList</key>
			<string>4432CE041732D03200E4F24F</string>
			<key>buildPhases</key>
			<array>
				<string>11B657AE7FFB454E89CE9461</string>
				<string>4432CDC81732D03200E4F24F</string>
				<string>4432CDC91732D03200E4F24F</string>
				<string>4432CDCA1732D03200E4F24F</string>
				<string>C9DCC1BE8A9A431186E76D14</string>
			</array>
			<key>buildRules</key>
			<array/>
			<key>dependencies</key>
			<array/>
			<key>isa</key>
			<string>PBXNativeTarget</string>
			<key>name</key>
			<string>HeChoo</string>
			<key>productName</key>
			<string>HeChoo</string>
			<key>productReference</key>
			<string>4432CDCC1732D03200E4F24F</string>
			<key>productType</key>
			<string>com.apple.product-type.application</string>
		</dict>
		<key>4432CDCC1732D03200E4F24F</key>
		<dict>
			<key>explicitFileType</key>
			<string>wrapper.application</string>
			<key>includeInIndex</key>
			<string>0</string>
			<key>isa</key>
			<string>PBXFileReference</string>
			<key>path</key>
			<string>HeChoo.app</string>
			<key>sourceTree</key>
			<string>BUILT_PRODUCTS_DIR</string>
		</dict>
		<key>4432CDCD1732D03200E4F24F</key>
		<dict>
			<key>children</key>
			<array>
				<string>4432CDCC1732D03200E4F24F</string>
				<string>4432CDF21732D03200E4F24F</string>
			</array>
			<key>isa</key>
			<string>PBXGroup</string>
			<key>name</key>
			<string>Products</string>
			<key>sourceTree</key>
			<string>&lt;group&gt;</string>
		</dict>
		<key>4432CDCE1732D03200E4F24F</key>
		<dict>
			<key>children</key>
			<array>
				<string>4432CDCF1732D03200E4F24F</string>
				<string>4432CDD11732D03200E4F24F</string>
				<string>4432CDD31732D03200E4F24F</string>
				<string>4432CDF31732D03200E4F24F</string>
				<string>7C5359E4CA8047A0B67AFB4C</string>
			</array>
			<key>isa</key>
			<string>PBXGroup</string>
			<key>name</key>
			<string>Frameworks</string>
			<key>sourceTree</key>
			<string>&lt;group&gt;</string>
		</dict>
		<key>4432CDCF1732D03200E4F24F</key>
		<dict>
			<key>isa</key>
			<string>PBXFileReference</string>
			<key>lastKnownFileType</key>
			<string>wrapper.framework</string>
			<key>name</key>
			<string>UIKit.framework</string>
			<key>path</key>
			<string>System/Library/Frameworks/UIKit.framework</string>
			<key>sourceTree</key>
			<string>SDKROOT</string>
		</dict>
		<key>4432CDD01732D03200E4F24F</key>
		<dict>
			<key>fileRef</key>
			<string>4432CDCF1732D03200E4F24F</string>
			<key>isa</key>
			<string>PBXBuildFile</string>
		</dict>
		<key>4432CDD11732D03200E4F24F</key>
		<dict>
			<key>isa</key>
			<string>PBXFileReference</string>
			<key>lastKnownFileType</key>
			<string>wrapper.framework</string>
			<key>name</key>
			<string>Foundation.framework</string>
			<key>path</key>
			<string>System/Library/Frameworks/Foundation.framework</string>
			<key>sourceTree</key>
			<string>SDKROOT</string>
		</dict>
		<key>4432CDD21732D03200E4F24F</key>
		<dict>
			<key>fileRef</key>
			<string>4432CDD11732D03200E4F24F</string>
			<key>isa</key>
			<string>PBXBuildFile</string>
		</dict>
		<key>4432CDD31732D03200E4F24F</key>
		<dict>
			<key>isa</key>
			<string>PBXFileReference</string>
			<key>lastKnownFileType</key>
			<string>wrapper.framework</string>
			<key>name</key>
			<string>CoreGraphics.framework</string>
			<key>path</key>
			<string>System/Library/Frameworks/CoreGraphics.framework</string>
			<key>sourceTree</key>
			<string>SDKROOT</string>
		</dict>
		<key>4432CDD41732D03200E4F24F</key>
		<dict>
			<key>fileRef</key>
			<string>4432CDD31732D03200E4F24F</string>
			<key>isa</key>
			<string>PBXBuildFile</string>
		</dict>
		<key>4432CDD51732D03200E4F24F</key>
		<dict>
			<key>children</key>
			<array>
				<string>4432CE131732D16100E4F24F</string>
				<string>4432CE0A1732D12A00E4F24F</string>
				<string>4432CDD61732D03200E4F24F</string>
			</array>
			<key>isa</key>
			<string>PBXGroup</string>
			<key>path</key>
			<string>HeChoo</string>
			<key>sourceTree</key>
			<string>&lt;group&gt;</string>
		</dict>
		<key>4432CDD61732D03200E4F24F</key>
		<dict>
			<key>children</key>
			<array>
				<string>4432CDD71732D03200E4F24F</string>
				<string>4432CDDB1732D03200E4F24F</string>
				<string>4432CDDD1732D03200E4F24F</string>
			</array>
			<key>isa</key>
			<string>PBXGroup</string>
			<key>name</key>
			<string>Supporting Files</string>
			<key>sourceTree</key>
			<string>&lt;group&gt;</string>
		</dict>
		<key>4432CDD71732D03200E4F24F</key>
		<dict>
			<key>isa</key>
			<string>PBXFileReference</string>
			<key>lastKnownFileType</key>
			<string>text.plist.xml</string>
			<key>path</key>
			<string>HeChoo-Info.plist</string>
			<key>sourceTree</key>
			<string>&lt;group&gt;</string>
		</dict>
		<key>4432CDDB1732D03200E4F24F</key>
		<dict>
			<key>isa</key>
			<string>PBXFileReference</string>
			<key>lastKnownFileType</key>
			<string>sourcecode.c.objc</string>
			<key>path</key>
			<string>main.m</string>
			<key>sourceTree</key>
			<string>&lt;group&gt;</string>
		</dict>
		<key>4432CDDC1732D03200E4F24F</key>
		<dict>
			<key>fileRef</key>
			<string>4432CDDB1732D03200E4F24F</string>
			<key>isa</key>
			<string>PBXBuildFile</string>
		</dict>
		<key>4432CDDD1732D03200E4F24F</key>
		<dict>
			<key>isa</key>
			<string>PBXFileReference</string>
			<key>lastKnownFileType</key>
			<string>sourcecode.c.h</string>
			<key>path</key>
			<string>HeChoo-Prefix.pch</string>
			<key>sourceTree</key>
			<string>&lt;group&gt;</string>
		</dict>
		<key>4432CDED1732D03200E4F24F</key>
		<dict>
			<key>buildActionMask</key>
			<string>2147483647</string>
			<key>files</key>
			<array>
				<string>4432CE011732D03200E4F24F</string>
			</array>
			<key>isa</key>
			<string>PBXSourcesBuildPhase</string>
			<key>runOnlyForDeploymentPostprocessing</key>
			<string>0</string>
		</dict>
		<key>4432CDEE1732D03200E4F24F</key>
		<dict>
			<key>buildActionMask</key>
			<string>2147483647</string>
			<key>files</key>
			<array>
				<string>4432CDF41732D03200E4F24F</string>
				<string>4432CDF51732D03200E4F24F</string>
				<string>4432CDF61732D03200E4F24F</string>
			</array>
			<key>isa</key>
			<string>PBXFrameworksBuildPhase</string>
			<key>runOnlyForDeploymentPostprocessing</key>
			<string>0</string>
		</dict>
		<key>4432CDEF1732D03200E4F24F</key>
		<dict>
			<key>buildActionMask</key>
			<string>2147483647</string>
			<key>files</key>
			<array>
				<string>4432CDFE1732D03200E4F24F</string>
			</array>
			<key>isa</key>
			<string>PBXResourcesBuildPhase</string>
			<key>runOnlyForDeploymentPostprocessing</key>
			<string>0</string>
		</dict>
		<key>4432CDF01732D03200E4F24F</key>
		<dict>
			<key>buildActionMask</key>
			<string>2147483647</string>
			<key>files</key>
			<array/>
			<key>inputPaths</key>
			<array/>
			<key>isa</key>
			<string>PBXShellScriptBuildPhase</string>
			<key>outputPaths</key>
			<array/>
			<key>runOnlyForDeploymentPostprocessing</key>
			<string>0</string>
			<key>shellPath</key>
			<string>/bin/sh</string>
			<key>shellScript</key>
			<string># Run the unit tests in this test bundle.
"${SYSTEM_DEVELOPER_DIR}/Tools/RunUnitTests"
</string>
		</dict>
		<key>4432CDF11732D03200E4F24F</key>
		<dict>
			<key>buildConfigurationList</key>
			<string>4432CE071732D03200E4F24F</string>
			<key>buildPhases</key>
			<array>
				<string>4432CDED1732D03200E4F24F</string>
				<string>4432CDEE1732D03200E4F24F</string>
				<string>4432CDEF1732D03200E4F24F</string>
				<string>4432CDF01732D03200E4F24F</string>
			</array>
			<key>buildRules</key>
			<array/>
			<key>dependencies</key>
			<array>
				<string>4432CDF81732D03200E4F24F</string>
			</array>
			<key>isa</key>
			<string>PBXNativeTarget</string>
			<key>name</key>
			<string>HeChooTests</string>
			<key>productName</key>
			<string>HeChooTests</string>
			<key>productReference</key>
			<string>4432CDF21732D03200E4F24F</string>
			<key>productType</key>
			<string>com.apple.product-type.bundle</string>
		</dict>
		<key>4432CDF21732D03200E4F24F</key>
		<dict>
			<key>explicitFileType</key>
			<string>wrapper.cfbundle</string>
			<key>includeInIndex</key>
			<string>0</string>
			<key>isa</key>
			<string>PBXFileReference</string>
			<key>path</key>
			<string>HeChooTests.octest</string>
			<key>sourceTree</key>
			<string>BUILT_PRODUCTS_DIR</string>
		</dict>
		<key>4432CDF31732D03200E4F24F</key>
		<dict>
			<key>isa</key>
			<string>PBXFileReference</string>
			<key>lastKnownFileType</key>
			<string>wrapper.framework</string>
			<key>name</key>
			<string>SenTestingKit.framework</string>
			<key>path</key>
			<string>Library/Frameworks/SenTestingKit.framework</string>
			<key>sourceTree</key>
			<string>DEVELOPER_DIR</string>
		</dict>
		<key>4432CDF41732D03200E4F24F</key>
		<dict>
			<key>fileRef</key>
			<string>4432CDF31732D03200E4F24F</string>
			<key>isa</key>
			<string>PBXBuildFile</string>
		</dict>
		<key>4432CDF51732D03200E4F24F</key>
		<dict>
			<key>fileRef</key>
			<string>4432CDCF1732D03200E4F24F</string>
			<key>isa</key>
			<string>PBXBuildFile</string>
		</dict>
		<key>4432CDF61732D03200E4F24F</key>
		<dict>
			<key>fileRef</key>
			<string>4432CDD11732D03200E4F24F</string>
			<key>isa</key>
			<string>PBXBuildFile</string>
		</dict>
		<key>4432CDF71732D03200E4F24F</key>
		<dict>
			<key>containerPortal</key>
			<string>4432CDC41732D03200E4F24F</string>
			<key>isa</key>
			<string>PBXContainerItemProxy</string>
			<key>proxyType</key>
			<string>1</string>
			<key>remoteGlobalIDString</key>
			<string>4432CDCB1732D03200E4F24F</string>
			<key>remoteInfo</key>
			<string>HeChoo</string>
		</dict>
		<key>4432CDF81732D03200E4F24F</key>
		<dict>
			<key>isa</key>
			<string>PBXTargetDependency</string>
			<key>target</key>
			<string>4432CDCB1732D03200E4F24F</string>
			<key>targetProxy</key>
			<string>4432CDF71732D03200E4F24F</string>
		</dict>
		<key>4432CDF91732D03200E4F24F</key>
		<dict>
			<key>children</key>
			<array>
				<string>4432CDFF1732D03200E4F24F</string>
				<string>4432CE001732D03200E4F24F</string>
				<string>4432CDFA1732D03200E4F24F</string>
			</array>
			<key>isa</key>
			<string>PBXGroup</string>
			<key>path</key>
			<string>HeChooTests</string>
			<key>sourceTree</key>
			<string>&lt;group&gt;</string>
		</dict>
		<key>4432CDFA1732D03200E4F24F</key>
		<dict>
			<key>children</key>
			<array>
				<string>4432CDFB1732D03200E4F24F</string>
				<string>4432CDFC1732D03200E4F24F</string>
			</array>
			<key>isa</key>
			<string>PBXGroup</string>
			<key>name</key>
			<string>Supporting Files</string>
			<key>sourceTree</key>
			<string>&lt;group&gt;</string>
		</dict>
		<key>4432CDFB1732D03200E4F24F</key>
		<dict>
			<key>isa</key>
			<string>PBXFileReference</string>
			<key>lastKnownFileType</key>
			<string>text.plist.xml</string>
			<key>path</key>
			<string>HeChooTests-Info.plist</string>
			<key>sourceTree</key>
			<string>&lt;group&gt;</string>
		</dict>
		<key>4432CDFC1732D03200E4F24F</key>
		<dict>
			<key>children</key>
			<array>
				<string>4432CDFD1732D03200E4F24F</string>
			</array>
			<key>isa</key>
			<string>PBXVariantGroup</string>
			<key>name</key>
			<string>InfoPlist.strings</string>
			<key>sourceTree</key>
			<string>&lt;group&gt;</string>
		</dict>
		<key>4432CDFD1732D03200E4F24F</key>
		<dict>
			<key>isa</key>
			<string>PBXFileReference</string>
			<key>lastKnownFileType</key>
			<string>text.plist.strings</string>
			<key>name</key>
			<string>en</string>
			<key>path</key>
			<string>en.lproj/InfoPlist.strings</string>
			<key>sourceTree</key>
			<string>&lt;group&gt;</string>
		</dict>
		<key>4432CDFE1732D03200E4F24F</key>
		<dict>
			<key>fileRef</key>
			<string>4432CDFC1732D03200E4F24F</string>
			<key>isa</key>
			<string>PBXBuildFile</string>
		</dict>
		<key>4432CDFF1732D03200E4F24F</key>
		<dict>
			<key>isa</key>
			<string>PBXFileReference</string>
			<key>lastKnownFileType</key>
			<string>sourcecode.c.h</string>
			<key>path</key>
			<string>HeChooTests.h</string>
			<key>sourceTree</key>
			<string>&lt;group&gt;</string>
		</dict>
		<key>4432CE001732D03200E4F24F</key>
		<dict>
			<key>isa</key>
			<string>PBXFileReference</string>
			<key>lastKnownFileType</key>
			<string>sourcecode.c.objc</string>
			<key>path</key>
			<string>HeChooTests.m</string>
			<key>sourceTree</key>
			<string>&lt;group&gt;</string>
		</dict>
		<key>4432CE011732D03200E4F24F</key>
		<dict>
			<key>fileRef</key>
			<string>4432CE001732D03200E4F24F</string>
			<key>isa</key>
			<string>PBXBuildFile</string>
		</dict>
		<key>4432CE021732D03200E4F24F</key>
		<dict>
			<key>buildSettings</key>
			<dict>
				<key>ALWAYS_SEARCH_USER_PATHS</key>
				<string>NO</string>
				<key>CLANG_CXX_LANGUAGE_STANDARD</key>
				<string>gnu++0x</string>
				<key>CLANG_CXX_LIBRARY</key>
				<string>libc++</string>
				<key>CLANG_ENABLE_OBJC_ARC</key>
				<string>YES</string>
				<key>CLANG_WARN_CONSTANT_CONVERSION</key>
				<string>YES</string>
				<key>CLANG_WARN_EMPTY_BODY</key>
				<string>YES</string>
				<key>CLANG_WARN_ENUM_CONVERSION</key>
				<string>YES</string>
				<key>CLANG_WARN_INT_CONVERSION</key>
				<string>YES</string>
				<key>CLANG_WARN__DUPLICATE_METHOD_MATCH</key>
				<string>YES</string>
				<key>CODE_SIGN_IDENTITY[sdk=iphoneos*]</key>
				<string>iPhone Developer</string>
				<key>COPY_PHASE_STRIP</key>
				<string>NO</string>
				<key>GCC_C_LANGUAGE_STANDARD</key>
				<string>gnu99</string>
				<key>GCC_DYNAMIC_NO_PIC</key>
				<string>NO</string>
				<key>GCC_OPTIMIZATION_LEVEL</key>
				<string>0</string>
				<key>GCC_PREPROCESSOR_DEFINITIONS</key>
				<array>
					<string>DEBUG=1</string>
					<string>$(inherited)</string>
				</array>
				<key>GCC_SYMBOLS_PRIVATE_EXTERN</key>
				<string>NO</string>
				<key>GCC_WARN_ABOUT_RETURN_TYPE</key>
				<string>YES</string>
				<key>GCC_WARN_UNINITIALIZED_AUTOS</key>
				<string>YES</string>
				<key>GCC_WARN_UNUSED_VARIABLE</key>
				<string>YES</string>
				<key>IPHONEOS_DEPLOYMENT_TARGET</key>
				<string>6.1</string>
				<key>ONLY_ACTIVE_ARCH</key>
				<string>YES</string>
				<key>SDKROOT</key>
				<string>iphoneos</string>
			</dict>
			<key>isa</key>
			<string>XCBuildConfiguration</string>
			<key>name</key>
			<string>Debug</string>
		</dict>
		<key>4432CE031732D03200E4F24F</key>
		<dict>
			<key>buildSettings</key>
			<dict>
				<key>ALWAYS_SEARCH_USER_PATHS</key>
				<string>NO</string>
				<key>CLANG_CXX_LANGUAGE_STANDARD</key>
				<string>gnu++0x</string>
				<key>CLANG_CXX_LIBRARY</key>
				<string>libc++</string>
				<key>CLANG_ENABLE_OBJC_ARC</key>
				<string>YES</string>
				<key>CLANG_WARN_CONSTANT_CONVERSION</key>
				<string>YES</string>
				<key>CLANG_WARN_EMPTY_BODY</key>
				<string>YES</string>
				<key>CLANG_WARN_ENUM_CONVERSION</key>
				<string>YES</string>
				<key>CLANG_WARN_INT_CONVERSION</key>
				<string>YES</string>
				<key>CLANG_WARN__DUPLICATE_METHOD_MATCH</key>
				<string>YES</string>
				<key>CODE_SIGN_IDENTITY[sdk=iphoneos*]</key>
				<string>iPhone Developer</string>
				<key>COPY_PHASE_STRIP</key>
				<string>YES</string>
				<key>GCC_C_LANGUAGE_STANDARD</key>
				<string>gnu99</string>
				<key>GCC_WARN_ABOUT_RETURN_TYPE</key>
				<string>YES</string>
				<key>GCC_WARN_UNINITIALIZED_AUTOS</key>
				<string>YES</string>
				<key>GCC_WARN_UNUSED_VARIABLE</key>
				<string>YES</string>
				<key>IPHONEOS_DEPLOYMENT_TARGET</key>
				<string>6.1</string>
				<key>OTHER_CFLAGS</key>
				<string>-DNS_BLOCK_ASSERTIONS=1</string>
				<key>SDKROOT</key>
				<string>iphoneos</string>
				<key>VALIDATE_PRODUCT</key>
				<string>YES</string>
			</dict>
			<key>isa</key>
			<string>XCBuildConfiguration</string>
			<key>name</key>
			<string>Release</string>
		</dict>
		<key>4432CE041732D03200E4F24F</key>
		<dict>
			<key>buildConfigurations</key>
			<array>
				<string>4432CE051732D03200E4F24F</string>
				<string>4432CE061732D03200E4F24F</string>
			</array>
			<key>defaultConfigurationIsVisible</key>
			<string>0</string>
			<key>defaultConfigurationName</key>
			<string>Release</string>
			<key>isa</key>
			<string>XCConfigurationList</string>
		</dict>
		<key>4432CE051732D03200E4F24F</key>
		<dict>
			<key>baseConfigurationReference</key>
			<string>B808ADA774FF482A9AA2C362</string>
			<key>buildSettings</key>
			<dict>
				<key>GCC_PRECOMPILE_PREFIX_HEADER</key>
				<string>YES</string>
				<key>GCC_PREFIX_HEADER</key>
				<string>HeChoo/HeChoo-Prefix.pch</string>
				<key>INFOPLIST_FILE</key>
				<string>HeChoo/HeChoo-Info.plist</string>
				<key>IPHONEOS_DEPLOYMENT_TARGET</key>
				<string>5.0</string>
				<key>PRODUCT_NAME</key>
				<string>$(TARGET_NAME)</string>
				<key>WRAPPER_EXTENSION</key>
				<string>app</string>
			</dict>
			<key>isa</key>
			<string>XCBuildConfiguration</string>
			<key>name</key>
			<string>Debug</string>
		</dict>
		<key>4432CE061732D03200E4F24F</key>
		<dict>
			<key>baseConfigurationReference</key>
			<string>B808ADA774FF482A9AA2C362</string>
			<key>buildSettings</key>
			<dict>
				<key>GCC_PRECOMPILE_PREFIX_HEADER</key>
				<string>YES</string>
				<key>GCC_PREFIX_HEADER</key>
				<string>HeChoo/HeChoo-Prefix.pch</string>
				<key>INFOPLIST_FILE</key>
				<string>HeChoo/HeChoo-Info.plist</string>
				<key>IPHONEOS_DEPLOYMENT_TARGET</key>
				<string>5.0</string>
				<key>PRODUCT_NAME</key>
				<string>$(TARGET_NAME)</string>
				<key>WRAPPER_EXTENSION</key>
				<string>app</string>
			</dict>
			<key>isa</key>
			<string>XCBuildConfiguration</string>
			<key>name</key>
			<string>Release</string>
		</dict>
		<key>4432CE071732D03200E4F24F</key>
		<dict>
			<key>buildConfigurations</key>
			<array>
				<string>4432CE081732D03200E4F24F</string>
				<string>4432CE091732D03200E4F24F</string>
			</array>
			<key>defaultConfigurationIsVisible</key>
			<string>0</string>
			<key>defaultConfigurationName</key>
			<string>Release</string>
			<key>isa</key>
			<string>XCConfigurationList</string>
		</dict>
		<key>4432CE081732D03200E4F24F</key>
		<dict>
			<key>buildSettings</key>
			<dict>
				<key>BUNDLE_LOADER</key>
				<string>$(BUILT_PRODUCTS_DIR)/HeChoo.app/HeChoo</string>
				<key>FRAMEWORK_SEARCH_PATHS</key>
				<array>
					<string>"$(SDKROOT)/Developer/Library/Frameworks"</string>
					<string>"$(DEVELOPER_LIBRARY_DIR)/Frameworks"</string>
				</array>
				<key>GCC_PRECOMPILE_PREFIX_HEADER</key>
				<string>YES</string>
				<key>GCC_PREFIX_HEADER</key>
				<string>HeChoo/HeChoo-Prefix.pch</string>
				<key>INFOPLIST_FILE</key>
				<string>HeChooTests/HeChooTests-Info.plist</string>
				<key>PRODUCT_NAME</key>
				<string>$(TARGET_NAME)</string>
				<key>TEST_HOST</key>
				<string>$(BUNDLE_LOADER)</string>
				<key>WRAPPER_EXTENSION</key>
				<string>octest</string>
			</dict>
			<key>isa</key>
			<string>XCBuildConfiguration</string>
			<key>name</key>
			<string>Debug</string>
		</dict>
		<key>4432CE091732D03200E4F24F</key>
		<dict>
			<key>buildSettings</key>
			<dict>
				<key>BUNDLE_LOADER</key>
				<string>$(BUILT_PRODUCTS_DIR)/HeChoo.app/HeChoo</string>
				<key>FRAMEWORK_SEARCH_PATHS</key>
				<array>
					<string>"$(SDKROOT)/Developer/Library/Frameworks"</string>
					<string>"$(DEVELOPER_LIBRARY_DIR)/Frameworks"</string>
				</array>
				<key>GCC_PRECOMPILE_PREFIX_HEADER</key>
				<string>YES</string>
				<key>GCC_PREFIX_HEADER</key>
				<string>HeChoo/HeChoo-Prefix.pch</string>
				<key>INFOPLIST_FILE</key>
				<string>HeChooTests/HeChooTests-Info.plist</string>
				<key>PRODUCT_NAME</key>
				<string>$(TARGET_NAME)</string>
				<key>TEST_HOST</key>
				<string>$(BUNDLE_LOADER)</string>
				<key>WRAPPER_EXTENSION</key>
				<string>octest</string>
			</dict>
			<key>isa</key>
			<string>XCBuildConfiguration</string>
			<key>name</key>
			<string>Release</string>
		</dict>
		<key>4432CE0A1732D12A00E4F24F</key>
		<dict>
			<key>children</key>
			<array>
				<string>4432CE1B1732D21300E4F24F</string>
				<string>4432CE201732D21300E4F24F</string>
				<string>4432CE0B1732D12A00E4F24F</string>
			</array>
			<key>isa</key>
			<string>PBXGroup</string>
			<key>path</key>
			<string>Resources</string>
			<key>sourceTree</key>
			<string>&lt;group&gt;</string>
		</dict>
		<key>4432CE0B1732D12A00E4F24F</key>
		<dict>
			<key>children</key>
			<array>
				<string>4432CE0C1732D12A00E4F24F</string>
			</array>
			<key>isa</key>
			<string>PBXGroup</string>
			<key>path</key>
			<string>Images</string>
			<key>sourceTree</key>
			<string>&lt;group&gt;</string>
		</dict>
		<key>4432CE0C1732D12A00E4F24F</key>
		<dict>
			<key>children</key>
			<array>
				<string>4432CE0D1732D12A00E4F24F</string>
				<string>4432CE0E1732D12A00E4F24F</string>
				<string>4432CE0F1732D12A00E4F24F</string>
			</array>
			<key>isa</key>
			<string>PBXGroup</string>
			<key>path</key>
			<string>Default</string>
			<key>sourceTree</key>
			<string>&lt;group&gt;</string>
		</dict>
		<key>4432CE0D1732D12A00E4F24F</key>
		<dict>
			<key>isa</key>
			<string>PBXFileReference</string>
			<key>lastKnownFileType</key>
			<string>image.png</string>
			<key>path</key>
			<string>Default-568h@2x.png</string>
			<key>sourceTree</key>
			<string>&lt;group&gt;</string>
		</dict>
		<key>4432CE0E1732D12A00E4F24F</key>
		<dict>
			<key>isa</key>
			<string>PBXFileReference</string>
			<key>lastKnownFileType</key>
			<string>image.png</string>
			<key>path</key>
			<string>Default.png</string>
			<key>sourceTree</key>
			<string>&lt;group&gt;</string>
		</dict>
		<key>4432CE0F1732D12A00E4F24F</key>
		<dict>
			<key>isa</key>
			<string>PBXFileReference</string>
			<key>lastKnownFileType</key>
			<string>image.png</string>
			<key>path</key>
			<string>Default@2x.png</string>
			<key>sourceTree</key>
			<string>&lt;group&gt;</string>
		</dict>
		<key>4432CE101732D12A00E4F24F</key>
		<dict>
			<key>fileRef</key>
			<string>4432CE0D1732D12A00E4F24F</string>
			<key>isa</key>
			<string>PBXBuildFile</string>
		</dict>
		<key>4432CE111732D12A00E4F24F</key>
		<dict>
			<key>fileRef</key>
			<string>4432CE0E1732D12A00E4F24F</string>
			<key>isa</key>
			<string>PBXBuildFile</string>
		</dict>
		<key>4432CE121732D12A00E4F24F</key>
		<dict>
			<key>fileRef</key>
			<string>4432CE0F1732D12A00E4F24F</string>
			<key>isa</key>
			<string>PBXBuildFile</string>
		</dict>
		<key>4432CE131732D16100E4F24F</key>
		<dict>
			<key>children</key>
			<array>
				<string>4432CE181732D19C00E4F24F</string>
				<string>4432CE191732D19C00E4F24F</string>
				<string>4432CE141732D16100E4F24F</string>
			</array>
			<key>isa</key>
			<string>PBXGroup</string>
			<key>path</key>
			<string>Classes</string>
			<key>sourceTree</key>
			<string>&lt;group&gt;</string>
		</dict>
		<key>4432CE141732D16100E4F24F</key>
		<dict>
			<key>children</key>
			<array>
				<string>4432CE151732D16100E4F24F</string>
				<string>4432CE161732D16100E4F24F</string>
			</array>
			<key>isa</key>
			<string>PBXGroup</string>
			<key>path</key>
			<string>ViewControllers</string>
			<key>sourceTree</key>
			<string>&lt;group&gt;</string>
		</dict>
		<key>4432CE151732D16100E4F24F</key>
		<dict>
			<key>fileEncoding</key>
			<string>4</string>
			<key>isa</key>
			<string>PBXFileReference</string>
			<key>lastKnownFileType</key>
			<string>sourcecode.c.h</string>
			<key>path</key>
			<string>HCOViewController.h</string>
			<key>sourceTree</key>
			<string>&lt;group&gt;</string>
		</dict>
		<key>4432CE161732D16100E4F24F</key>
		<dict>
			<key>fileEncoding</key>
			<string>4</string>
			<key>isa</key>
			<string>PBXFileReference</string>
			<key>lastKnownFileType</key>
			<string>sourcecode.c.objc</string>
			<key>path</key>
			<string>HCOViewController.m</string>
			<key>sourceTree</key>
			<string>&lt;group&gt;</string>
		</dict>
		<key>4432CE171732D16100E4F24F</key>
		<dict>
			<key>fileRef</key>
			<string>4432CE161732D16100E4F24F</string>
			<key>isa</key>
			<string>PBXBuildFile</string>
		</dict>
		<key>4432CE181732D19C00E4F24F</key>
		<dict>
			<key>fileEncoding</key>
			<string>4</string>
			<key>isa</key>
			<string>PBXFileReference</string>
			<key>lastKnownFileType</key>
			<string>sourcecode.c.h</string>
			<key>path</key>
			<string>HCOAppDelegate.h</string>
			<key>sourceTree</key>
			<string>&lt;group&gt;</string>
		</dict>
		<key>4432CE191732D19C00E4F24F</key>
		<dict>
			<key>fileEncoding</key>
			<string>4</string>
			<key>isa</key>
			<string>PBXFileReference</string>
			<key>lastKnownFileType</key>
			<string>sourcecode.c.objc</string>
			<key>path</key>
			<string>HCOAppDelegate.m</string>
			<key>sourceTree</key>
			<string>&lt;group&gt;</string>
		</dict>
		<key>4432CE1A1732D19C00E4F24F</key>
		<dict>
			<key>fileRef</key>
			<string>4432CE191732D19C00E4F24F</string>
			<key>isa</key>
			<string>PBXBuildFile</string>
		</dict>
		<key>4432CE1B1732D21300E4F24F</key>
		<dict>
			<key>children</key>
			<array>
				<string>4432CE1C1732D21300E4F24F</string>
			</array>
			<key>isa</key>
			<string>PBXGroup</string>
			<key>path</key>
			<string>Images</string>
			<key>sourceTree</key>
			<string>&lt;group&gt;</string>
		</dict>
		<key>4432CE1C1732D21300E4F24F</key>
		<dict>
			<key>children</key>
			<array>
				<string>4432CE1D1732D21300E4F24F</string>
				<string>4432CE1E1732D21300E4F24F</string>
				<string>4432CE1F1732D21300E4F24F</string>
			</array>
			<key>isa</key>
			<string>PBXGroup</string>
			<key>path</key>
			<string>Default</string>
			<key>sourceTree</key>
			<string>&lt;group&gt;</string>
		</dict>
		<key>4432CE1D1732D21300E4F24F</key>
		<dict>
			<key>isa</key>
			<string>PBXFileReference</string>
			<key>lastKnownFileType</key>
			<string>image.png</string>
			<key>path</key>
			<string>Default-568h@2x.png</string>
			<key>sourceTree</key>
			<string>&lt;group&gt;</string>
		</dict>
		<key>4432CE1E1732D21300E4F24F</key>
		<dict>
			<key>isa</key>
			<string>PBXFileReference</string>
			<key>lastKnownFileType</key>
			<string>image.png</string>
			<key>path</key>
			<string>Default.png</string>
			<key>sourceTree</key>
			<string>&lt;group&gt;</string>
		</dict>
		<key>4432CE1F1732D21300E4F24F</key>
		<dict>
			<key>isa</key>
			<string>PBXFileReference</string>
			<key>lastKnownFileType</key>
			<string>image.png</string>
			<key>path</key>
			<string>Default@2x.png</string>
			<key>sourceTree</key>
			<string>&lt;group&gt;</string>
		</dict>
		<key>4432CE201732D21300E4F24F</key>
		<dict>
			<key>children</key>
			<array/>
			<key>isa</key>
			<string>PBXGroup</string>
			<key>path</key>
			<string>XIB</string>
			<key>sourceTree</key>
			<string>&lt;group&gt;</string>
		</dict>
		<key>4432CE211732D21300E4F24F</key>
		<dict>
			<key>fileRef</key>
			<string>4432CE1D1732D21300E4F24F</string>
			<key>isa</key>
			<string>PBXBuildFile</string>
		</dict>
		<key>4432CE221732D21300E4F24F</key>
		<dict>
			<key>fileRef</key>
			<string>4432CE1E1732D21300E4F24F</string>
			<key>isa</key>
			<string>PBXBuildFile</string>
		</dict>
		<key>4432CE231732D21300E4F24F</key>
		<dict>
			<key>fileRef</key>
			<string>4432CE1F1732D21300E4F24F</string>
			<key>isa</key>
			<string>PBXBuildFile</string>
		</dict>
		<key>7C2B9470021B4B6C99AADDDC</key>
		<dict>
			<key>fileRef</key>
			<string>7C5359E4CA8047A0B67AFB4C</string>
			<key>isa</key>
			<string>PBXBuildFile</string>
			<key>settings</key>
			<dict/>
		</dict>
		<key>7C5359E4CA8047A0B67AFB4C</key>
		<dict>
			<key>explicitFileType</key>
			<string>archive.ar</string>
			<key>includeInIndex</key>
			<string>0</string>
			<key>isa</key>
			<string>PBXFileReference</string>
			<key>name</key>
			<string>libPods.a</string>
			<key>path</key>
			<string>libPods.a</string>
			<key>sourceTree</key>
			<string>BUILT_PRODUCTS_DIR</string>
		</dict>
		<key>B808ADA774FF482A9AA2C362</key>
		<dict>
			<key>includeInIndex</key>
			<string>1</string>
			<key>isa</key>
			<string>PBXFileReference</string>
			<key>lastKnownFileType</key>
			<string>text.xcconfig</string>
			<key>name</key>
			<string>Pods.xcconfig</string>
			<key>path</key>
			<string>Pods/Pods.xcconfig</string>
			<key>sourceTree</key>
			<string>SOURCE_ROOT</string>
		</dict>
		<key>C9DCC1BE8A9A431186E76D14</key>
		<dict>
			<key>buildActionMask</key>
			<string>2147483647</string>
			<key>files</key>
			<array/>
			<key>inputPaths</key>
			<array/>
			<key>isa</key>
			<string>PBXShellScriptBuildPhase</string>
			<key>name</key>
			<string>Copy Pods Resources</string>
			<key>outputPaths</key>
			<array/>
			<key>runOnlyForDeploymentPostprocessing</key>
			<string>0</string>
			<key>shellPath</key>
			<string>/bin/sh</string>
			<key>shellScript</key>
			<string>"${SRCROOT}/Pods/Pods-resources.sh"
</string>
			<key>showEnvVarsInLog</key>
			<string>1</string>
		</dict>
	</dict>
	<key>rootObject</key>
	<string>4432CDC41732D03200E4F24F</string>
</dict>
</plist>
